
Microsoft Visual Studio Solution File, Format Version 12.00
# Visual Studio Version 16
VisualStudioVersion = 16.0.29911.84
MinimumVisualStudioVersion = 10.0.40219.1
Project("{FAE04EC0-301F-11D3-BF4B-00C04F79EFBC}") = "UdemyAjax", "UdemyAjax\UdemyAjax.csproj", "{DE628DA8-D4FE-439D-9C27-F509EC6D5E94}"
EndProject
Global
	GlobalSection(SolutionConfigurationPlatforms) = preSolution
		Debug|Any CPU = Debug|Any CPU
		Release|Any CPU = Release|Any CPU
	EndGlobalSection
	GlobalSection(ProjectConfigurationPlatforms) = postSolution
		{DE628DA8-D4FE-439D-9C27-F509EC6D5E94}.Debug|Any CPU.ActiveCfg = Debug|Any CPU
		{DE628DA8-D4FE-439D-9C27-F509EC6D5E94}.Debug|Any CPU.Build.0 = Debug|Any CPU
		{DE628DA8-D4FE-439D-9C27-F509EC6D5E94}.Release|Any CPU.ActiveCfg = Release|Any CPU
		{DE628DA8-D4FE-439D-9C27-F509EC6D5E94}.Release|Any CPU.Build.0 = Release|Any CPU
	EndGlobalSection
	GlobalSection(SolutionProperties) = preSolution
		HideSolutionNode = FALSE
	EndGlobalSection
	GlobalSection(ExtensibilityGlobals) = postSolution
		SolutionGuid = {49E9D700-2707-4F7E-A83F-811BB671CC75}
	EndGlobalSection
EndGlobal
